// !$*UTF8*$!
{
	archiveVersion = 1;
	classes = {
	};
	objectVersion = 46;
	objects = {

/* Begin PBXBuildFile section */
		8F0773DE1B32D45E0023DC27 /* main.m in Sources */ = {isa = PBXBuildFile; fileRef = 8F0773DD1B32D45E0023DC27 /* main.m */; };
		8F0773E11B32D45E0023DC27 /* AppDelegate.m in Sources */ = {isa = PBXBuildFile; fileRef = 8F0773E01B32D45E0023DC27 /* AppDelegate.m */; };
		8F0773E41B32D45E0023DC27 /* testWriteToPlist.xcdatamodeld in Sources */ = {isa = PBXBuildFile; fileRef = 8F0773E21B32D45E0023DC27 /* testWriteToPlist.xcdatamodeld */; };
		8F0773E71B32D45E0023DC27 /* ViewController.m in Sources */ = {isa = PBXBuildFile; fileRef = 8F0773E61B32D45E0023DC27 /* ViewController.m */; };
		8F0773EA1B32D45E0023DC27 /* Main.storyboard in Resources */ = {isa = PBXBuildFile; fileRef = 8F0773E81B32D45E0023DC27 /* Main.storyboard */; };
		8F0773EC1B32D45E0023DC27 /* Images.xcassets in Resources */ = {isa = PBXBuildFile; fileRef = 8F0773EB1B32D45E0023DC27 /* Images.xcassets */; };
		8F0773EF1B32D45E0023DC27 /* LaunchScreen.xib in Resources */ = {isa = PBXBuildFile; fileRef = 8F0773ED1B32D45E0023DC27 /* LaunchScreen.xib */; };
		8F0773FB1B32D45E0023DC27 /* testWriteToPlistTests.m in Sources */ = {isa = PBXBuildFile; fileRef = 8F0773FA1B32D45E0023DC27 /* testWriteToPlistTests.m */; };
/* End PBXBuildFile section */

/* Begin PBXContainerItemProxy section */
		8F0773F51B32D45E0023DC27 /* PBXContainerItemProxy */ = {
			isa = PBXContainerItemProxy;
			containerPortal = 8F0773D01B32D45D0023DC27 /* Project object */;
			proxyType = 1;
			remoteGlobalIDString = 8F0773D71B32D45D0023DC27;
			remoteInfo = testWriteToPlist;
		};
/* End PBXContainerItemProxy section */

/* Begin PBXFileReference section */
		8F0773D81B32D45D0023DC27 /* testWriteToPlist.app */ = {isa = PBXFileReference; explicitFileType = wrapper.application; includeInIndex = 0; path = testWriteToPlist.app; sourceTree = BUILT_PRODUCTS_DIR; };
		8F0773DC1B32D45E0023DC27 /* Info.plist */ = {isa = PBXFileReference; lastKnownFileType = text.plist.xml; path = Info.plist; sourceTree = "<group>"; };
		8F0773DD1B32D45E0023DC27 /* main.m */ = {isa = PBXFileReference; lastKnownFileType = sourcecode.c.objc; path = main.m; sourceTree = "<group>"; };
		8F0773DF1B32D45E0023DC27 /* AppDelegate.h */ = {isa = PBXFileReference; lastKnownFileType = sourcecode.c.h; path = AppDelegate.h; sourceTree = "<group>"; };
		8F0773E01B32D45E0023DC27 /* AppDelegate.m */ = {isa = PBXFileReference; lastKnownFileType = sourcecode.c.objc; path = AppDelegate.m; sourceTree = "<group>"; };
		8F0773E31B32D45E0023DC27 /* testWriteToPlist.xcdatamodel */ = {isa = PBXFileReference; lastKnownFileType = wrapper.xcdatamodel; path = testWriteToPlist.xcdatamodel; sourceTree = "<group>"; };
		8F0773E51B32D45E0023DC27 /* ViewController.h */ = {isa = PBXFileReference; lastKnownFileType = sourcecode.c.h; path = ViewController.h; sourceTree = "<group>"; };
		8F0773E61B32D45E0023DC27 /* ViewController.m */ = {isa = PBXFileReference; lastKnownFileType = sourcecode.c.objc; path = ViewController.m; sourceTree = "<group>"; };
		8F0773E91B32D45E0023DC27 /* Base */ = {isa = PBXFileReference; lastKnownFileType = file.storyboard; name = Base; path = Base.lproj/Main.storyboard; sourceTree = "<group>"; };
		8F0773EB1B32D45E0023DC27 /* Images.xcassets */ = {isa = PBXFileReference; lastKnownFileType = folder.assetcatalog; path = Images.xcassets; sourceTree = "<group>"; };
		8F0773EE1B32D45E0023DC27 /* Base */ = {isa = PBXFileReference; lastKnownFileType = file.xib; name = Base; path = Base.lproj/LaunchScreen.xib; sourceTree = "<group>"; };
		8F0773F41B32D45E0023DC27 /* testWriteToPlistTests.xctest */ = {isa = PBXFileReference; explicitFileType = wrapper.cfbundle; includeInIndex = 0; path = testWriteToPlistTests.xctest; sourceTree = BUILT_PRODUCTS_DIR; };
		8F0773F91B32D45E0023DC27 /* Info.plist */ = {isa = PBXFileReference; lastKnownFileType = text.plist.xml; path = Info.plist; sourceTree = "<group>"; };
		8F0773FA1B32D45E0023DC27 /* testWriteToPlistTests.m */ = {isa = PBXFileReference; lastKnownFileType = sourcecode.c.objc; path = testWriteToPlistTests.m; sourceTree = "<group>"; };
/* End PBXFileReference section */

/* Begin PBXFrameworksBuildPhase section */
		8F0773D51B32D45D0023DC27 /* Frameworks */ = {
			isa = PBXFrameworksBuildPhase;
			buildActionMask = 2147483647;
			files = (
			);
			runOnlyForDeploymentPostprocessing = 0;
		};
		8F0773F11B32D45E0023DC27 /* Frameworks */ = {
			isa = PBXFrameworksBuildPhase;
			buildActionMask = 2147483647;
			files = (
			);
			runOnlyForDeploymentPostprocessing = 0;
		};
/* End PBXFrameworksBuildPhase section */

/* Begin PBXGroup section */
		8F0773CF1B32D45D0023DC27 = {
			isa = PBXGroup;
			children = (
				8F0773DA1B32D45D0023DC27 /* testWriteToPlist */,
				8F0773F71B32D45E0023DC27 /* testWriteToPlistTests */,
				8F0773D91B32D45D0023DC27 /* Products */,
			);
			sourceTree = "<group>";
		};
		8F0773D91B32D45D0023DC27 /* Products */ = {
			isa = PBXGroup;
			children = (
				8F0773D81B32D45D0023DC27 /* testWriteToPlist.app */,
				8F0773F41B32D45E0023DC27 /* testWriteToPlistTests.xctest */,
			);
			name = Products;
			sourceTree = "<group>";
		};
		8F0773DA1B32D45D0023DC27 /* testWriteToPlist */ = {
			isa = PBXGroup;
			children = (
				8F0773DF1B32D45E0023DC27 /* AppDelegate.h */,
				8F0773E01B32D45E0023DC27 /* AppDelegate.m */,
				8F0773E51B32D45E0023DC27 /* ViewController.h */,
				8F0773E61B32D45E0023DC27 /* ViewController.m */,
				8F0773E81B32D45E0023DC27 /* Main.storyboard */,
				8F0773EB1B32D45E0023DC27 /* Images.xcassets */,
				8F0773ED1B32D45E0023DC27 /* LaunchScreen.xib */,
				8F0773E21B32D45E0023DC27 /* testWriteToPlist.xcdatamodeld */,
				8F0773DB1B32D45E0023DC27 /* Supporting Files */,
			);
			path = testWriteToPlist;
			sourceTree = "<group>";
		};
		8F0773DB1B32D45E0023DC27 /* Supporting Files */ = {
			isa = PBXGroup;
			children = (
				8F0773DC1B32D45E0023DC27 /* Info.plist */,
				8F0773DD1B32D45E0023DC27 /* main.m */,
			);
			name = "Supporting Files";
			sourceTree = "<group>";
		};
		8F0773F71B32D45E0023DC27 /* testWriteToPlistTests */ = {
			isa = PBXGroup;
			children = (
				8F0773FA1B32D45E0023DC27 /* testWriteToPlistTests.m */,
				8F0773F81B32D45E0023DC27 /* Supporting Files */,
			);
			path = testWriteToPlistTests;
			sourceTree = "<group>";
		};
		8F0773F81B32D45E0023DC27 /* Supporting Files */ = {
			isa = PBXGroup;
			children = (
				8F0773F91B32D45E0023DC27 /* Info.plist */,
			);
			name = "Supporting Files";
			sourceTree = "<group>";
		};
/* End PBXGroup section */

/* Begin PBXNativeTarget section */
		8F0773D71B32D45D0023DC27 /* testWriteToPlist */ = {
			isa = PBXNativeTarget;
			buildConfigurationList = 8F0773FE1B32D45E0023DC27 /* Build configuration list for PBXNativeTarget "testWriteToPlist" */;
			buildPhases = (
				8F0773D41B32D45D0023DC27 /* Sources */,
				8F0773D51B32D45D0023DC27 /* Frameworks */,
				8F0773D61B32D45D0023DC27 /* Resources */,
			);
			buildRules = (
			);
			dependencies = (
			);
			name = testWriteToPlist;
			productName = testWriteToPlist;
			productReference = 8F0773D81B32D45D0023DC27 /* testWriteToPlist.app */;
			productType = "com.apple.product-type.application";
		};
		8F0773F31B32D45E0023DC27 /* testWriteToPlistTests */ = {
			isa = PBXNativeTarget;
			buildConfigurationList = 8F0774011B32D45E0023DC27 /* Build configuration list for PBXNativeTarget "testWriteToPlistTests" */;
			buildPhases = (
				8F0773F01B32D45E0023DC27 /* Sources */,
				8F0773F11B32D45E0023DC27 /* Frameworks */,
				8F0773F21B32D45E0023DC27 /* Resources */,
			);
			buildRules = (
			);
			dependencies = (
				8F0773F61B32D45E0023DC27 /* PBXTargetDependency */,
			);
			name = testWriteToPlistTests;
			productName = testWriteToPlistTests;
			productReference = 8F0773F41B32D45E0023DC27 /* testWriteToPlistTests.xctest */;
			productType = "com.apple.product-type.bundle.unit-test";
		};
/* End PBXNativeTarget section */

/* Begin PBXProject section */
		8F0773D01B32D45D0023DC27 /* Project object */ = {
			isa = PBXProject;
			attributes = {
				LastUpgradeCheck = 0630;
				ORGANIZATIONNAME = test;
				TargetAttributes = {
					8F0773D71B32D45D0023DC27 = {
						CreatedOnToolsVersion = 6.3.2;
					};
					8F0773F31B32D45E0023DC27 = {
						CreatedOnToolsVersion = 6.3.2;
						TestTargetID = 8F0773D71B32D45D0023DC27;
					};
				};
			};
			buildConfigurationList = 8F0773D31B32D45D0023DC27 /* Build configuration list for PBXProject "testWriteToPlist" */;
			compatibilityVersion = "Xcode 3.2";
			developmentRegion = English;
			hasScannedForEncodings = 0;
			knownRegions = (
				en,
				Base,
			);
			mainGroup = 8F0773CF1B32D45D0023DC27;
			productRefGroup = 8F0773D91B32D45D0023DC27 /* Products */;
			projectDirPath = "";
			projectRoot = "";
			targets = (
				8F0773D71B32D45D0023DC27 /* testWriteToPlist */,
				8F0773F31B32D45E0023DC27 /* testWriteToPlistTests */,
			);
		};
/* End PBXProject section */

/* Begin PBXResourcesBuildPhase section */
		8F0773D61B32D45D0023DC27 /* Resources */ = {
			isa = PBXResourcesBuildPhase;
			buildActionMask = 2147483647;
			files = (
				8F0773EA1B32D45E0023DC27 /* Main.storyboard in Resources */,
				8F0773EF1B32D45E0023DC27 /* LaunchScreen.xib in Resources */,
				8F0773EC1B32D45E0023DC27 /* Images.xcassets in Resources */,
			);
			runOnlyForDeploymentPostprocessing = 0;
		};
		8F0773F21B32D45E0023DC27 /* Resources */ = {
			isa = PBXResourcesBuildPhase;
			buildActionMask = 2147483647;
			files = (
			);
			runOnlyForDeploymentPostprocessing = 0;
		};
/* End PBXResourcesBuildPhase section */

/* Begin PBXSourcesBuildPhase section */
		8F0773D41B32D45D0023DC27 /* Sources */ = {
			isa = PBXSourcesBuildPhase;
			buildActionMask = 2147483647;
			files = (
				8F0773E11B32D45E0023DC27 /* AppDelegate.m in Sources */,
				8F0773E41B32D45E0023DC27 /* testWriteToPlist.xcdatamodeld in Sources */,
				8F0773E71B32D45E0023DC27 /* ViewController.m in Sources */,
				8F0773DE1B32D45E0023DC27 /* main.m in Sources */,
			);
			runOnlyForDeploymentPostprocessing = 0;
		};
		8F0773F01B32D45E0023DC27 /* Sources */ = {
			isa = PBXSourcesBuildPhase;
			buildActionMask = 2147483647;
			files = (
				8F0773FB1B32D45E0023DC27 /* testWriteToPlistTests.m in Sources */,
			);
			runOnlyForDeploymentPostprocessing = 0;
		};
/* End PBXSourcesBuildPhase section */

/* Begin PBXTargetDependency section */
		8F0773F61B32D45E0023DC27 /* PBXTargetDependency */ = {
			isa = PBXTargetDependency;
			target = 8F0773D71B32D45D0023DC27 /* testWriteToPlist */;
			targetProxy = 8F0773F51B32D45E0023DC27 /* PBXContainerItemProxy */;
		};
/* End PBXTargetDependency section */

/* Begin PBXVariantGroup section */
		8F0773E81B32D45E0023DC27 /* Main.storyboard */ = {
			isa = PBXVariantGroup;
			children = (
				8F0773E91B32D45E0023DC27 /* Base */,
			);
			name = Main.storyboard;
			sourceTree = "<group>";
		};
		8F0773ED1B32D45E0023DC27 /* LaunchScreen.xib */ = {
			isa = PBXVariantGroup;
			children = (
				8F0773EE1B32D45E0023DC27 /* Base */,
			);
			name = LaunchScreen.xib;
			sourceTree = "<group>";
		};
/* End PBXVariantGroup section */

/* Begin XCBuildConfiguration section */
		8F0773FC1B32D45E0023DC27 /* Debug */ = {
			isa = XCBuildConfiguration;
			buildSettings = {
				ALWAYS_SEARCH_USER_PATHS = NO;
				CLANG_CXX_LANGUAGE_STANDARD = "gnu++0x";
				CLANG_CXX_LIBRARY = "libc++";
				CLANG_ENABLE_MODULES = YES;
				CLANG_ENABLE_OBJC_ARC = YES;
				CLANG_WARN_BOOL_CONVERSION = YES;
				CLANG_WARN_CONSTANT_CONVERSION = YES;
				CLANG_WARN_DIRECT_OBJC_ISA_USAGE = YES_ERROR;
				CLANG_WARN_EMPTY_BODY = YES;
				CLANG_WARN_ENUM_CONVERSION = YES;
				CLANG_WARN_INT_CONVERSION = YES;
				CLANG_WARN_OBJC_ROOT_CLASS = YES_ERROR;
				CLANG_WARN_UNREACHABLE_CODE = YES;
				CLANG_WARN__DUPLICATE_METHOD_MATCH = YES;
				"CODE_SIGN_IDENTITY[sdk=iphoneos*]" = "iPhone Developer";
				COPY_PHASE_STRIP = NO;
				DEBUG_INFORMATION_FORMAT = "dwarf-with-dsym";
				ENABLE_STRICT_OBJC_MSGSEND = YES;
				GCC_C_LANGUAGE_STANDARD = gnu99;
				GCC_DYNAMIC_NO_PIC = NO;
				GCC_NO_COMMON_BLOCKS = YES;
				GCC_OPTIMIZATION_LEVEL = 0;
				GCC_PREPROCESSOR_DEFINITIONS = (
					"DEBUG=1",
					"$(inherited)",
				);
				GCC_SYMBOLS_PRIVATE_EXTERN = NO;
				GCC_WARN_64_TO_32_BIT_CONVERSION = YES;
				GCC_WARN_ABOUT_RETURN_TYPE = YES_ERROR;
				GCC_WARN_UNDECLARED_SELECTOR = YES;
				GCC_WARN_UNINITIALIZED_AUTOS = YES_AGGRESSIVE;
				GCC_WARN_UNUSED_FUNCTION = YES;
				GCC_WARN_UNUSED_VARIABLE = YES;
				IPHONEOS_DEPLOYMENT_TARGET = 8.3;
				MTL_ENABLE_DEBUG_INFO = YES;
				ONLY_ACTIVE_ARCH = YES;
				SDKROOT = iphoneos;
				TARGETED_DEVICE_FAMILY = "1,2";
			};
			name = Debug;
		};
		8F0773FD1B32D45E0023DC27 /* Release */ = {
			isa = XCBuildConfiguration;
			buildSettings = {
				ALWAYS_SEARCH_USER_PATHS = NO;
				CLANG_CXX_LANGUAGE_STANDARD = "gnu++0x";
				CLANG_CXX_LIBRARY = "libc++";
				CLANG_ENABLE_MODULES = YES;
				CLANG_ENABLE_OBJC_ARC = YES;
				CLANG_WARN_BOOL_CONVERSION = YES;
				CLANG_WARN_CONSTANT_CONVERSION = YES;
				CLANG_WARN_DIRECT_OBJC_ISA_USAGE = YES_ERROR;
				CLANG_WARN_EMPTY_BODY = YES;
				CLANG_WARN_ENUM_CONVERSION = YES;
				CLANG_WARN_INT_CONVERSION = YES;
				CLANG_WARN_OBJC_ROOT_CLASS = YES_ERROR;
				CLANG_WARN_UNREACHABLE_CODE = YES;
				CLANG_WARN__DUPLICATE_METHOD_MATCH = YES;
				"CODE_SIGN_IDENTITY[sdk=iphoneos*]" = "iPhone Developer";
				COPY_PHASE_STRIP = NO;
				DEBUG_INFORMATION_FORMAT = "dwarf-with-dsym";
				ENABLE_NS_ASSERTIONS = NO;
				ENABLE_STRICT_OBJC_MSGSEND = YES;
				GCC_C_LANGUAGE_STANDARD = gnu99;
				GCC_NO_COMMON_BLOCKS = YES;
				GCC_WARN_64_TO_32_BIT_CONVERSION = YES;
				GCC_WARN_ABOUT_RETURN_TYPE = YES_ERROR;
				GCC_WARN_UNDECLARED_SELECTOR = YES;
				GCC_WARN_UNINITIALIZED_AUTOS = YES_AGGRESSIVE;
				GCC_WARN_UNUSED_FUNCTION = YES;
				GCC_WARN_UNUSED_VARIABLE = YES;
				IPHONEOS_DEPLOYMENT_TARGET = 8.3;
				MTL_ENABLE_DEBUG_INFO = NO;
				SDKROOT = iphoneos;
				TARGETED_DEVICE_FAMILY = "1,2";
				VALIDATE_PRODUCT = YES;
			};
			name = Release;
		};
		8F0773FF1B32D45E0023DC27 /* Debug */ = {
			isa = XCBuildConfiguration;
			buildSettings = {
				ASSETCATALOG_COMPILER_APPICON_NAME = AppIcon;
				INFOPLIST_FILE = testWriteToPlist/Info.plist;
				LD_RUNPATH_SEARCH_PATHS = "$(inherited) @executable_path/Frameworks";
				PRODUCT_NAME = "$(TARGET_NAME)";
			};
			name = Debug;
		};
		8F0774001B32D45E0023DC27 /* Release */ = {
			isa = XCBuildConfiguration;
			buildSettings = {
				ASSETCATALOG_COMPILER_APPICON_NAME = AppIcon;
				INFOPLIST_FILE = testWriteToPlist/Info.plist;
				LD_RUNPATH_SEARCH_PATHS = "$(inherited) @executable_path/Frameworks";
				PRODUCT_NAME = "$(TARGET_NAME)";
			};
			name = Release;
		};
		8F0774021B32D45E0023DC27 /* Debug */ = {
			isa = XCBuildConfiguration;
			buildSettings = {
				BUNDLE_LOADER = "$(TEST_HOST)";
				FRAMEWORK_SEARCH_PATHS = (
					"$(SDKROOT)/Developer/Library/Frameworks",
					"$(inherited)",
				);
				GCC_PREPROCESSOR_DEFINITIONS = (
					"DEBUG=1",
					"$(inherited)",
				);
				INFOPLIST_FILE = testWriteToPlistTests/Info.plist;
				LD_RUNPATH_SEARCH_PATHS = "$(inherited) @executable_path/Frameworks @loader_path/Frameworks";
				PRODUCT_NAME = "$(TARGET_NAME)";
				TEST_HOST = "$(BUILT_PRODUCTS_DIR)/testWriteToPlist.app/testWriteToPlist";
			};
			name = Debug;
		};
		8F0774031B32D45E0023DC27 /* Release */ = {
			isa = XCBuildConfiguration;
			buildSettings = {
				BUNDLE_LOADER = "$(TEST_HOST)";
				FRAMEWORK_SEARCH_PATHS = (
					"$(SDKROOT)/Developer/Library/Frameworks",
					"$(inherited)",
				);
				INFOPLIST_FILE = testWriteToPlistTests/Info.plist;
				LD_RUNPATH_SEARCH_PATHS = "$(inherited) @executable_path/Frameworks @loader_path/Frameworks";
				PRODUCT_NAME = "$(TARGET_NAME)";
				TEST_HOST = "$(BUILT_PRODUCTS_DIR)/testWriteToPlist.app/testWriteToPlist";
			};
			name = Release;
		};
/* End XCBuildConfiguration section */

/* Begin XCConfigurationList section */
		8F0773D31B32D45D0023DC27 /* Build configuration list for PBXProject "testWriteToPlist" */ = {
			isa = XCConfigurationList;
			buildConfigurations = (
				8F0773FC1B32D45E0023DC27 /* Debug */,
				8F0773FD1B32D45E0023DC27 /* Release */,
			);
			defaultConfigurationIsVisible = 0;
			defaultConfigurationName = Release;
		};
		8F0773FE1B32D45E0023DC27 /* Build configuration list for PBXNativeTarget "testWriteToPlist" */ = {
			isa = XCConfigurationList;
			buildConfigurations = (
				8F0773FF1B32D45E0023DC27 /* Debug */,
				8F0774001B32D45E0023DC27 /* Release */,
			);
			defaultConfigurationIsVisible = 0;
		};
		8F0774011B32D45E0023DC27 /* Build configuration list for PBXNativeTarget "testWriteToPlistTests" */ = {
			isa = XCConfigurationList;
			buildConfigurations = (
				8F0774021B32D45E0023DC27 /* Debug */,
				8F0774031B32D45E0023DC27 /* Release */,
			);
			defaultConfigurationIsVisible = 0;
		};
/* End XCConfigurationList section */

/* Begin XCVersionGroup section */
		8F0773E21B32D45E0023DC27 /* testWriteToPlist.xcdatamodeld */ = {
			isa = XCVersionGroup;
			children = (
				8F0773E31B32D45E0023DC27 /* testWriteToPlist.xcdatamodel */,
			);
			currentVersion = 8F0773E31B32D45E0023DC27 /* testWriteToPlist.xcdatamodel */;
			path = testWriteToPlist.xcdatamodeld;
			sourceTree = "<group>";
			versionGroupType = wrapper.xcdatamodel;
		};
/* End XCVersionGroup section */
	};
	rootObject = 8F0773D01B32D45D0023DC27 /* Project object */;
}
